
Microsoft Visual Studio Solution File, Format Version 12.00
# Visual Studio 2013
VisualStudioVersion = 12.0.40629.0
MinimumVisualStudioVersion = 10.0.40219.1
Project("{8BC9CEB8-8B4A-11D0-8D11-00A0C91BC942}") = "DGG_LC", "DGG_LC\SVG_LC.vcxproj", "{A20CA87B-32EE-493D-A286-63A48A00C4C0}"
EndProject
Project("{8BC9CEB8-8B4A-11D0-8D11-00A0C91BC942}") = "DGG_precompute", "DGG_precompute\LocalGeodesics.vcxproj", "{918929F4-70FD-4B9C-B56D-1E9D5205227C}"
EndProject
Project("{8BC9CEB8-8B4A-11D0-8D11-00A0C91BC942}") = "DGG_demo", "DGG_Viewer\DGG_demo.vcxproj", "{D5775FEE-C52E-5C7E-A78D-C2896330EAC3}"
EndProject
Global
	GlobalSection(SolutionConfigurationPlatforms) = preSolution
		Debug|Mixed Platforms = Debug|Mixed Platforms
		Debug|Win32 = Debug|Win32
		Debug|x64 = Debug|x64
		DLL Debug|Mixed Platforms = DLL Debug|Mixed Platforms
		DLL Debug|Win32 = DLL Debug|Win32
		DLL Debug|x64 = DLL Debug|x64
		DLL Release|Mixed Platforms = DLL Release|Mixed Platforms
		DLL Release|Win32 = DLL Release|Win32
		DLL Release|x64 = DLL Release|x64
		Release|Mixed Platforms = Release|Mixed Platforms
		Release|Win32 = Release|Win32
		Release|x64 = Release|x64
	EndGlobalSection
	GlobalSection(ProjectConfigurationPlatforms) = postSolution
		{A20CA87B-32EE-493D-A286-63A48A00C4C0}.Debug|Mixed Platforms.ActiveCfg = Debug|Win32
		{A20CA87B-32EE-493D-A286-63A48A00C4C0}.Debug|Mixed Platforms.Build.0 = Debug|Win32
		{A20CA87B-32EE-493D-A286-63A48A00C4C0}.Debug|Win32.ActiveCfg = Debug|Win32
		{A20CA87B-32EE-493D-A286-63A48A00C4C0}.Debug|Win32.Build.0 = Debug|Win32
		{A20CA87B-32EE-493D-A286-63A48A00C4C0}.Debug|x64.ActiveCfg = Debug|x64
		{A20CA87B-32EE-493D-A286-63A48A00C4C0}.Debug|x64.Build.0 = Debug|x64
		{A20CA87B-32EE-493D-A286-63A48A00C4C0}.DLL Debug|Mixed Platforms.ActiveCfg = Debug|Win32
		{A20CA87B-32EE-493D-A286-63A48A00C4C0}.DLL Debug|Mixed Platforms.Build.0 = Debug|Win32
		{A20CA87B-32EE-493D-A286-63A48A00C4C0}.DLL Debug|Win32.ActiveCfg = Debug|Win32
		{A20CA87B-32EE-493D-A286-63A48A00C4C0}.DLL Debug|Win32.Build.0 = Debug|Win32
		{A20CA87B-32EE-493D-A286-63A48A00C4C0}.DLL Debug|x64.ActiveCfg = Debug|x64
		{A20CA87B-32EE-493D-A286-63A48A00C4C0}.DLL Debug|x64.Build.0 = Debug|x64
		{A20CA87B-32EE-493D-A286-63A48A00C4C0}.DLL Release|Mixed Platforms.ActiveCfg = Release|Win32
		{A20CA87B-32EE-493D-A286-63A48A00C4C0}.DLL Release|Mixed Platforms.Build.0 = Release|Win32
		{A20CA87B-32EE-493D-A286-63A48A00C4C0}.DLL Release|Win32.ActiveCfg = Release|Win32
		{A20CA87B-32EE-493D-A286-63A48A00C4C0}.DLL Release|Win32.Build.0 = Release|Win32
		{A20CA87B-32EE-493D-A286-63A48A00C4C0}.DLL Release|x64.ActiveCfg = Release|x64
		{A20CA87B-32EE-493D-A286-63A48A00C4C0}.DLL Release|x64.Build.0 = Release|x64
		{A20CA87B-32EE-493D-A286-63A48A00C4C0}.Release|Mixed Platforms.ActiveCfg = Release|x64
		{A20CA87B-32EE-493D-A286-63A48A00C4C0}.Release|Mixed Platforms.Build.0 = Release|x64
		{A20CA87B-32EE-493D-A286-63A48A00C4C0}.Release|Win32.ActiveCfg = Release|Win32
		{A20CA87B-32EE-493D-A286-63A48A00C4C0}.Release|Win32.Build.0 = Release|Win32
		{A20CA87B-32EE-493D-A286-63A48A00C4C0}.Release|x64.ActiveCfg = Release|x64
		{A20CA87B-32EE-493D-A286-63A48A00C4C0}.Release|x64.Build.0 = Release|x64
		{918929F4-70FD-4B9C-B56D-1E9D5205227C}.Debug|Mixed Platforms.ActiveCfg = Debug|Win32
		{918929F4-70FD-4B9C-B56D-1E9D5205227C}.Debug|Mixed Platforms.Build.0 = Debug|Win32
		{918929F4-70FD-4B9C-B56D-1E9D5205227C}.Debug|Win32.ActiveCfg = Debug|Win32
		{918929F4-70FD-4B9C-B56D-1E9D5205227C}.Debug|Win32.Build.0 = Debug|Win32
		{918929F4-70FD-4B9C-B56D-1E9D5205227C}.Debug|x64.ActiveCfg = Debug|x64
		{918929F4-70FD-4B9C-B56D-1E9D5205227C}.Debug|x64.Build.0 = Debug|x64
		{918929F4-70FD-4B9C-B56D-1E9D5205227C}.DLL Debug|Mixed Platforms.ActiveCfg = Debug|Win32
		{918929F4-70FD-4B9C-B56D-1E9D5205227C}.DLL Debug|Mixed Platforms.Build.0 = Debug|Win32
		{918929F4-70FD-4B9C-B56D-1E9D5205227C}.DLL Debug|Win32.ActiveCfg = Debug|Win32
		{918929F4-70FD-4B9C-B56D-1E9D5205227C}.DLL Debug|Win32.Build.0 = Debug|Win32
		{918929F4-70FD-4B9C-B56D-1E9D5205227C}.DLL Debug|x64.ActiveCfg = Debug|x64
		{918929F4-70FD-4B9C-B56D-1E9D5205227C}.DLL Debug|x64.Build.0 = Debug|x64
		{918929F4-70FD-4B9C-B56D-1E9D5205227C}.DLL Release|Mixed Platforms.ActiveCfg = Release|Win32
		{918929F4-70FD-4B9C-B56D-1E9D5205227C}.DLL Release|Mixed Platforms.Build.0 = Release|Win32
		{918929F4-70FD-4B9C-B56D-1E9D5205227C}.DLL Release|Win32.ActiveCfg = Release|Win32
		{918929F4-70FD-4B9C-B56D-1E9D5205227C}.DLL Release|Win32.Build.0 = Release|Win32
		{918929F4-70FD-4B9C-B56D-1E9D5205227C}.DLL Release|x64.ActiveCfg = Release|x64
		{918929F4-70FD-4B9C-B56D-1E9D5205227C}.DLL Release|x64.Build.0 = Release|x64
		{918929F4-70FD-4B9C-B56D-1E9D5205227C}.Release|Mixed Platforms.ActiveCfg = Release|x64
		{918929F4-70FD-4B9C-B56D-1E9D5205227C}.Release|Mixed Platforms.Build.0 = Release|x64
		{918929F4-70FD-4B9C-B56D-1E9D5205227C}.Release|Win32.ActiveCfg = Release|Win32
		{918929F4-70FD-4B9C-B56D-1E9D5205227C}.Release|Win32.Build.0 = Release|Win32
		{918929F4-70FD-4B9C-B56D-1E9D5205227C}.Release|x64.ActiveCfg = Release|x64
		{918929F4-70FD-4B9C-B56D-1E9D5205227C}.Release|x64.Build.0 = Release|x64
		{D5775FEE-C52E-5C7E-A78D-C2896330EAC3}.Debug|Mixed Platforms.ActiveCfg = Debug|Win32
		{D5775FEE-C52E-5C7E-A78D-C2896330EAC3}.Debug|Mixed Platforms.Build.0 = Debug|Win32
		{D5775FEE-C52E-5C7E-A78D-C2896330EAC3}.Debug|Win32.ActiveCfg = Debug|Win32
		{D5775FEE-C52E-5C7E-A78D-C2896330EAC3}.Debug|Win32.Build.0 = Debug|Win32
		{D5775FEE-C52E-5C7E-A78D-C2896330EAC3}.Debug|x64.ActiveCfg = Debug|x64
		{D5775FEE-C52E-5C7E-A78D-C2896330EAC3}.Debug|x64.Build.0 = Debug|x64
		{D5775FEE-C52E-5C7E-A78D-C2896330EAC3}.DLL Debug|Mixed Platforms.ActiveCfg = DLL Debug|Win32
		{D5775FEE-C52E-5C7E-A78D-C2896330EAC3}.DLL Debug|Mixed Platforms.Build.0 = DLL Debug|Win32
		{D5775FEE-C52E-5C7E-A78D-C2896330EAC3}.DLL Debug|Win32.ActiveCfg = DLL Debug|Win32
		{D5775FEE-C52E-5C7E-A78D-C2896330EAC3}.DLL Debug|Win32.Build.0 = DLL Debug|Win32
		{D5775FEE-C52E-5C7E-A78D-C2896330EAC3}.DLL Debug|x64.ActiveCfg = DLL Debug|x64
		{D5775FEE-C52E-5C7E-A78D-C2896330EAC3}.DLL Debug|x64.Build.0 = DLL Debug|x64
		{D5775FEE-C52E-5C7E-A78D-C2896330EAC3}.DLL Release|Mixed Platforms.ActiveCfg = DLL Release|Win32
		{D5775FEE-C52E-5C7E-A78D-C2896330EAC3}.DLL Release|Mixed Platforms.Build.0 = DLL Release|Win32
		{D5775FEE-C52E-5C7E-A78D-C2896330EAC3}.DLL Release|Win32.ActiveCfg = DLL Release|Win32
		{D5775FEE-C52E-5C7E-A78D-C2896330EAC3}.DLL Release|Win32.Build.0 = DLL Release|Win32
		{D5775FEE-C52E-5C7E-A78D-C2896330EAC3}.DLL Release|x64.ActiveCfg = DLL Release|x64
		{D5775FEE-C52E-5C7E-A78D-C2896330EAC3}.DLL Release|x64.Build.0 = DLL Release|x64
		{D5775FEE-C52E-5C7E-A78D-C2896330EAC3}.Release|Mixed Platforms.ActiveCfg = Release|Win32
		{D5775FEE-C52E-5C7E-A78D-C2896330EAC3}.Release|Mixed Platforms.Build.0 = Release|Win32
		{D5775FEE-C52E-5C7E-A78D-C2896330EAC3}.Release|Win32.ActiveCfg = Release|Win32
		{D5775FEE-C52E-5C7E-A78D-C2896330EAC3}.Release|Win32.Build.0 = Release|Win32
		{D5775FEE-C52E-5C7E-A78D-C2896330EAC3}.Release|x64.ActiveCfg = Release|x64
		{D5775FEE-C52E-5C7E-A78D-C2896330EAC3}.Release|x64.Build.0 = Release|x64
	EndGlobalSection
	GlobalSection(SolutionProperties) = preSolution
		HideSolutionNode = FALSE
	EndGlobalSection
EndGlobal
